{
  "version": 4,
  "terraform_version": "1.2.9",
  "serial": 36,
  "lineage": "6e097265-8cf6-2408-1b1c-53f0566e765b",
  "outputs": {
    "serviceUrls": {
      "value": [
        "https://nexidia-step1-sftpfileextractor-4p75nwhr4a-uc.a.run.app",
        "https://nexidia-step2-sftpfileprocess-4p75nwhr4a-uc.a.run.app",
        "https://nexidia-step3-decryptandextract-4p75nwhr4a-uc.a.run.app",
        "https://nexidia-step4-gcstobq-4p75nwhr4a-uc.a.run.app",
        "https://nexidia-step5-dlpdatacatalog-4p75nwhr4a-uc.a.run.app",
        "https://nexidia-step6-tagresults-4p75nwhr4a-uc.a.run.app"
      ],
      "type": [
        "tuple",
        [
          "string",
          "string",
          "string",
          "string",
          "string",
          "string"
        ]
      ]
    }
  },
  "resources": [
    {
      "mode": "data",
      "type": "google_iam_policy",
      "name": "noauth",
      "provider": "provider[\"registry.terraform.io/hashicorp/google\"]",
      "instances": [
        {
          "schema_version": 0,
          "attributes": {
            "audit_config": null,
            "binding": [
              {
                "condition": [],
                "members": [
                  "serviceAccount:sa-cloudrun-nexidia-rw@eid-dw-dev-a5cf.iam.gserviceaccount.com"
                ],
                "role": "roles/run.invoker"
              }
            ],
            "id": "2078486820",
            "policy_data": "{\"bindings\":[{\"members\":[\"serviceAccount:sa-cloudrun-nexidia-rw@eid-dw-dev-a5cf.iam.gserviceaccount.com\"],\"role\":\"roles/run.invoker\"}]}"
          },
          "sensitive_attributes": []
        }
      ]
    },
    {
      "mode": "managed",
      "type": "google_cloud_run_service",
      "name": "service",
      "provider": "provider[\"registry.terraform.io/hashicorp/google\"]",
      "instances": [
        {
          "index_key": 0,
          "schema_version": 1,
          "attributes": {
            "autogenerate_revision_name": false,
            "id": "locations/us-central1/namespaces/noc-test-project/services/nexidia-step1-sftpfileextractor",
            "location": "us-central1",
            "metadata": [
              {
                "annotations": {
                  "run.googleapis.com/ingress": "internal",
                  "run.googleapis.com/ingress-status": "internal",
                  "run.googleapis.com/operation-id": "82cfe5b9-3f4b-40e2-b0b4-867c83ba4570",
                  "serving.knative.dev/creator": "test-gke@noc-test-project.iam.gserviceaccount.com",
                  "serving.knative.dev/lastModifier": "test-gke@noc-test-project.iam.gserviceaccount.com"
                },
                "generation": 1,
                "labels": {
                  "cloud.googleapis.com/location": "us-central1"
                },
                "namespace": "noc-test-project",
                "resource_version": "AAX1mgu67E4",
                "self_link": "/apis/serving.knative.dev/v1/namespaces/80699107083/services/nexidia-step1-sftpfileextractor",
                "uid": "5d5882c3-9fe9-4af7-b938-ca394e5b8fed"
              }
            ],
            "name": "nexidia-step1-sftpfileextractor",
            "project": "noc-test-project",
            "status": [
              {
                "conditions": [
                  {
                    "message": "",
                    "reason": "",
                    "status": "True",
                    "type": "Ready"
                  },
                  {
                    "message": "",
                    "reason": "",
                    "status": "True",
                    "type": "ConfigurationsReady"
                  },
                  {
                    "message": "",
                    "reason": "",
                    "status": "True",
                    "type": "RoutesReady"
                  }
                ],
                "latest_created_revision_name": "nexidia-step1-sftpfileextractor-cpzc8",
                "latest_ready_revision_name": "nexidia-step1-sftpfileextractor-cpzc8",
                "observed_generation": 1,
                "url": "https://nexidia-step1-sftpfileextractor-4p75nwhr4a-uc.a.run.app"
              }
            ],
            "template": [
              {
                "metadata": [
                  {
                    "annotations": {
                      "autoscaling.knative.dev/maxScale": "100"
                    },
                    "generation": 0,
                    "labels": {},
                    "name": "",
                    "namespace": "",
                    "resource_version": "",
                    "self_link": "",
                    "uid": ""
                  }
                ],
                "spec": [
                  {
                    "container_concurrency": 80,
                    "containers": [
                      {
                        "args": null,
                        "command": null,
                        "env": [],
                        "env_from": [],
                        "image": "us-docker.pkg.dev/cloudrun/container/hello",
                        "ports": [
                          {
                            "container_port": 8080,
                            "name": "http1",
                            "protocol": ""
                          }
                        ],
                        "resources": [
                          {
                            "limits": {
                              "cpu": "1000m",
                              "memory": "512Mi"
                            },
                            "requests": null
                          }
                        ],
                        "volume_mounts": [],
                        "working_dir": ""
                      }
                    ],
                    "service_account_name": "test-gke@noc-test-project.iam.gserviceaccount.com",
                    "serving_state": "",
                    "timeout_seconds": 600,
                    "volumes": []
                  }
                ]
              }
            ],
            "timeouts": null,
            "traffic": [
              {
                "latest_revision": true,
                "percent": 100,
                "revision_name": "",
                "tag": "",
                "url": ""
              }
            ]
          },
          "sensitive_attributes": [],
          "private": "eyJlMmJmYjczMC1lY2FhLTExZTYtOGY4OC0zNDM2M2JjN2M0YzAiOnsiY3JlYXRlIjoxMjAwMDAwMDAwMDAwLCJkZWxldGUiOjEyMDAwMDAwMDAwMDAsInVwZGF0ZSI6MTIwMDAwMDAwMDAwMH0sInNjaGVtYV92ZXJzaW9uIjoiMSJ9"
        },
        {
          "index_key": 1,
          "schema_version": 1,
          "attributes": {
            "autogenerate_revision_name": false,
            "id": "locations/us-central1/namespaces/noc-test-project/services/nexidia-step2-sftpfileprocess",
            "location": "us-central1",
            "metadata": [
              {
                "annotations": {
                  "run.googleapis.com/ingress": "internal",
                  "run.googleapis.com/ingress-status": "internal",
                  "run.googleapis.com/operation-id": "1e7413a1-4d0e-4370-9526-96b1c270011a",
                  "serving.knative.dev/creator": "test-gke@noc-test-project.iam.gserviceaccount.com",
                  "serving.knative.dev/lastModifier": "test-gke@noc-test-project.iam.gserviceaccount.com"
                },
                "generation": 1,
                "labels": {
                  "cloud.googleapis.com/location": "us-central1"
                },
                "namespace": "noc-test-project",
                "resource_version": "AAX1mgr4mNY",
                "self_link": "/apis/serving.knative.dev/v1/namespaces/80699107083/services/nexidia-step2-sftpfileprocess",
                "uid": "4a70a8b3-0e29-4ef1-afd2-9fdc9b8c316c"
              }
            ],
            "name": "nexidia-step2-sftpfileprocess",
            "project": "noc-test-project",
            "status": [
              {
                "conditions": [
                  {
                    "message": "",
                    "reason": "",
                    "status": "True",
                    "type": "Ready"
                  },
                  {
                    "message": "",
                    "reason": "",
                    "status": "True",
                    "type": "ConfigurationsReady"
                  },
                  {
                    "message": "",
                    "reason": "",
                    "status": "True",
                    "type": "RoutesReady"
                  }
                ],
                "latest_created_revision_name": "nexidia-step2-sftpfileprocess-5vc4k",
                "latest_ready_revision_name": "nexidia-step2-sftpfileprocess-5vc4k",
                "observed_generation": 1,
                "url": "https://nexidia-step2-sftpfileprocess-4p75nwhr4a-uc.a.run.app"
              }
            ],
            "template": [
              {
                "metadata": [
                  {
                    "annotations": {
                      "autoscaling.knative.dev/maxScale": "100"
                    },
                    "generation": 0,
                    "labels": {},
                    "name": "",
                    "namespace": "",
                    "resource_version": "",
                    "self_link": "",
                    "uid": ""
                  }
                ],
                "spec": [
                  {
                    "container_concurrency": 80,
                    "containers": [
                      {
                        "args": null,
                        "command": null,
                        "env": [],
                        "env_from": [],
                        "image": "us-docker.pkg.dev/cloudrun/container/hello",
                        "ports": [
                          {
                            "container_port": 8080,
                            "name": "http1",
                            "protocol": ""
                          }
                        ],
                        "resources": [
                          {
                            "limits": {
                              "cpu": "1000m",
                              "memory": "2Gi"
                            },
                            "requests": null
                          }
                        ],
                        "volume_mounts": [],
                        "working_dir": ""
                      }
                    ],
                    "service_account_name": "test-gke@noc-test-project.iam.gserviceaccount.com",
                    "serving_state": "",
                    "timeout_seconds": 600,
                    "volumes": []
                  }
                ]
              }
            ],
            "timeouts": null,
            "traffic": [
              {
                "latest_revision": true,
                "percent": 100,
                "revision_name": "",
                "tag": "",
                "url": ""
              }
            ]
          },
          "sensitive_attributes": [],
          "private": "eyJlMmJmYjczMC1lY2FhLTExZTYtOGY4OC0zNDM2M2JjN2M0YzAiOnsiY3JlYXRlIjoxMjAwMDAwMDAwMDAwLCJkZWxldGUiOjEyMDAwMDAwMDAwMDAsInVwZGF0ZSI6MTIwMDAwMDAwMDAwMH0sInNjaGVtYV92ZXJzaW9uIjoiMSJ9"
        },
        {
          "index_key": 2,
          "schema_version": 1,
          "attributes": {
            "autogenerate_revision_name": false,
            "id": "locations/us-central1/namespaces/noc-test-project/services/nexidia-step3-decryptandextract",
            "location": "us-central1",
            "metadata": [
              {
                "annotations": {
                  "run.googleapis.com/ingress": "internal",
                  "run.googleapis.com/ingress-status": "internal",
                  "run.googleapis.com/operation-id": "9d3a1447-d8f4-4b2d-8584-5668b8987ce0",
                  "serving.knative.dev/creator": "test-gke@noc-test-project.iam.gserviceaccount.com",
                  "serving.knative.dev/lastModifier": "test-gke@noc-test-project.iam.gserviceaccount.com"
                },
                "generation": 1,
                "labels": {
                  "cloud.googleapis.com/location": "us-central1"
                },
                "namespace": "noc-test-project",
                "resource_version": "AAX1mgr55w8",
                "self_link": "/apis/serving.knative.dev/v1/namespaces/80699107083/services/nexidia-step3-decryptandextract",
                "uid": "30b37ec6-ff92-411a-bf5e-d8e94e539e73"
              }
            ],
            "name": "nexidia-step3-decryptandextract",
            "project": "noc-test-project",
            "status": [
              {
                "conditions": [
                  {
                    "message": "",
                    "reason": "",
                    "status": "True",
                    "type": "Ready"
                  },
                  {
                    "message": "",
                    "reason": "",
                    "status": "True",
                    "type": "ConfigurationsReady"
                  },
                  {
                    "message": "",
                    "reason": "",
                    "status": "True",
                    "type": "RoutesReady"
                  }
                ],
                "latest_created_revision_name": "nexidia-step3-decryptandextract-bcblp",
                "latest_ready_revision_name": "nexidia-step3-decryptandextract-bcblp",
                "observed_generation": 1,
                "url": "https://nexidia-step3-decryptandextract-4p75nwhr4a-uc.a.run.app"
              }
            ],
            "template": [
              {
                "metadata": [
                  {
                    "annotations": {
                      "autoscaling.knative.dev/maxScale": "100"
                    },
                    "generation": 0,
                    "labels": {},
                    "name": "",
                    "namespace": "",
                    "resource_version": "",
                    "self_link": "",
                    "uid": ""
                  }
                ],
                "spec": [
                  {
                    "container_concurrency": 80,
                    "containers": [
                      {
                        "args": null,
                        "command": null,
                        "env": [],
                        "env_from": [],
                        "image": "us-docker.pkg.dev/cloudrun/container/hello",
                        "ports": [
                          {
                            "container_port": 8080,
                            "name": "http1",
                            "protocol": ""
                          }
                        ],
                        "resources": [
                          {
                            "limits": {
                              "cpu": "1000m",
                              "memory": "2Gi"
                            },
                            "requests": null
                          }
                        ],
                        "volume_mounts": [],
                        "working_dir": ""
                      }
                    ],
                    "service_account_name": "test-gke@noc-test-project.iam.gserviceaccount.com",
                    "serving_state": "",
                    "timeout_seconds": 600,
                    "volumes": []
                  }
                ]
              }
            ],
            "timeouts": null,
            "traffic": [
              {
                "latest_revision": true,
                "percent": 100,
                "revision_name": "",
                "tag": "",
                "url": ""
              }
            ]
          },
          "sensitive_attributes": [],
          "private": "eyJlMmJmYjczMC1lY2FhLTExZTYtOGY4OC0zNDM2M2JjN2M0YzAiOnsiY3JlYXRlIjoxMjAwMDAwMDAwMDAwLCJkZWxldGUiOjEyMDAwMDAwMDAwMDAsInVwZGF0ZSI6MTIwMDAwMDAwMDAwMH0sInNjaGVtYV92ZXJzaW9uIjoiMSJ9"
        },
        {
          "index_key": 3,
          "schema_version": 1,
          "attributes": {
            "autogenerate_revision_name": false,
            "id": "locations/us-central1/namespaces/noc-test-project/services/nexidia-step4-gcstobq",
            "location": "us-central1",
            "metadata": [
              {
                "annotations": {
                  "run.googleapis.com/ingress": "internal",
                  "run.googleapis.com/ingress-status": "internal",
                  "run.googleapis.com/operation-id": "39a45430-453c-4140-a8fd-51be2fb8552c",
                  "serving.knative.dev/creator": "test-gke@noc-test-project.iam.gserviceaccount.com",
                  "serving.knative.dev/lastModifier": "test-gke@noc-test-project.iam.gserviceaccount.com"
                },
                "generation": 1,
                "labels": {
                  "cloud.googleapis.com/location": "us-central1"
                },
                "namespace": "noc-test-project",
                "resource_version": "AAX1mguYBbI",
                "self_link": "/apis/serving.knative.dev/v1/namespaces/80699107083/services/nexidia-step4-gcstobq",
                "uid": "542c60e4-35f4-4e71-ba05-93c7a8678ffe"
              }
            ],
            "name": "nexidia-step4-gcstobq",
            "project": "noc-test-project",
            "status": [
              {
                "conditions": [
                  {
                    "message": "",
                    "reason": "",
                    "status": "True",
                    "type": "Ready"
                  },
                  {
                    "message": "",
                    "reason": "",
                    "status": "True",
                    "type": "ConfigurationsReady"
                  },
                  {
                    "message": "",
                    "reason": "",
                    "status": "True",
                    "type": "RoutesReady"
                  }
                ],
                "latest_created_revision_name": "nexidia-step4-gcstobq-4dgpq",
                "latest_ready_revision_name": "nexidia-step4-gcstobq-4dgpq",
                "observed_generation": 1,
                "url": "https://nexidia-step4-gcstobq-4p75nwhr4a-uc.a.run.app"
              }
            ],
            "template": [
              {
                "metadata": [
                  {
                    "annotations": {
                      "autoscaling.knative.dev/maxScale": "100"
                    },
                    "generation": 0,
                    "labels": {},
                    "name": "",
                    "namespace": "",
                    "resource_version": "",
                    "self_link": "",
                    "uid": ""
                  }
                ],
                "spec": [
                  {
                    "container_concurrency": 80,
                    "containers": [
                      {
                        "args": null,
                        "command": null,
                        "env": [],
                        "env_from": [],
                        "image": "us-docker.pkg.dev/cloudrun/container/hello",
                        "ports": [
                          {
                            "container_port": 8080,
                            "name": "http1",
                            "protocol": ""
                          }
                        ],
                        "resources": [
                          {
                            "limits": {
                              "cpu": "1000m",
                              "memory": "2Gi"
                            },
                            "requests": null
                          }
                        ],
                        "volume_mounts": [],
                        "working_dir": ""
                      }
                    ],
                    "service_account_name": "test-gke@noc-test-project.iam.gserviceaccount.com",
                    "serving_state": "",
                    "timeout_seconds": 600,
                    "volumes": []
                  }
                ]
              }
            ],
            "timeouts": null,
            "traffic": [
              {
                "latest_revision": true,
                "percent": 100,
                "revision_name": "",
                "tag": "",
                "url": ""
              }
            ]
          },
          "sensitive_attributes": [],
          "private": "eyJlMmJmYjczMC1lY2FhLTExZTYtOGY4OC0zNDM2M2JjN2M0YzAiOnsiY3JlYXRlIjoxMjAwMDAwMDAwMDAwLCJkZWxldGUiOjEyMDAwMDAwMDAwMDAsInVwZGF0ZSI6MTIwMDAwMDAwMDAwMH0sInNjaGVtYV92ZXJzaW9uIjoiMSJ9"
        },
        {
          "index_key": 4,
          "schema_version": 1,
          "attributes": {
            "autogenerate_revision_name": false,
            "id": "locations/us-central1/namespaces/noc-test-project/services/nexidia-step5-dlpdatacatalog",
            "location": "us-central1",
            "metadata": [
              {
                "annotations": {
                  "run.googleapis.com/ingress": "internal",
                  "run.googleapis.com/ingress-status": "internal",
                  "run.googleapis.com/operation-id": "08fc18f5-ac1b-4ffe-ab0c-95db624fca73",
                  "serving.knative.dev/creator": "test-gke@noc-test-project.iam.gserviceaccount.com",
                  "serving.knative.dev/lastModifier": "test-gke@noc-test-project.iam.gserviceaccount.com"
                },
                "generation": 1,
                "labels": {
                  "cloud.googleapis.com/location": "us-central1"
                },
                "namespace": "noc-test-project",
                "resource_version": "AAX1mgs2MPc",
                "self_link": "/apis/serving.knative.dev/v1/namespaces/80699107083/services/nexidia-step5-dlpdatacatalog",
                "uid": "8083121b-b103-4b45-a59a-44ca40f19aa1"
              }
            ],
            "name": "nexidia-step5-dlpdatacatalog",
            "project": "noc-test-project",
            "status": [
              {
                "conditions": [
                  {
                    "message": "",
                    "reason": "",
                    "status": "True",
                    "type": "Ready"
                  },
                  {
                    "message": "",
                    "reason": "",
                    "status": "True",
                    "type": "ConfigurationsReady"
                  },
                  {
                    "message": "",
                    "reason": "",
                    "status": "True",
                    "type": "RoutesReady"
                  }
                ],
                "latest_created_revision_name": "nexidia-step5-dlpdatacatalog-gkv5g",
                "latest_ready_revision_name": "nexidia-step5-dlpdatacatalog-gkv5g",
                "observed_generation": 1,
                "url": "https://nexidia-step5-dlpdatacatalog-4p75nwhr4a-uc.a.run.app"
              }
            ],
            "template": [
              {
                "metadata": [
                  {
                    "annotations": {
                      "autoscaling.knative.dev/maxScale": "100"
                    },
                    "generation": 0,
                    "labels": {},
                    "name": "",
                    "namespace": "",
                    "resource_version": "",
                    "self_link": "",
                    "uid": ""
                  }
                ],
                "spec": [
                  {
                    "container_concurrency": 80,
                    "containers": [
                      {
                        "args": null,
                        "command": null,
                        "env": [],
                        "env_from": [],
                        "image": "us-docker.pkg.dev/cloudrun/container/hello",
                        "ports": [
                          {
                            "container_port": 8080,
                            "name": "http1",
                            "protocol": ""
                          }
                        ],
                        "resources": [
                          {
                            "limits": {
                              "cpu": "1000m",
                              "memory": "512Mi"
                            },
                            "requests": null
                          }
                        ],
                        "volume_mounts": [],
                        "working_dir": ""
                      }
                    ],
                    "service_account_name": "test-gke@noc-test-project.iam.gserviceaccount.com",
                    "serving_state": "",
                    "timeout_seconds": 600,
                    "volumes": []
                  }
                ]
              }
            ],
            "timeouts": null,
            "traffic": [
              {
                "latest_revision": true,
                "percent": 100,
                "revision_name": "",
                "tag": "",
                "url": ""
              }
            ]
          },
          "sensitive_attributes": [],
          "private": "eyJlMmJmYjczMC1lY2FhLTExZTYtOGY4OC0zNDM2M2JjN2M0YzAiOnsiY3JlYXRlIjoxMjAwMDAwMDAwMDAwLCJkZWxldGUiOjEyMDAwMDAwMDAwMDAsInVwZGF0ZSI6MTIwMDAwMDAwMDAwMH0sInNjaGVtYV92ZXJzaW9uIjoiMSJ9"
        },
        {
          "index_key": 5,
          "schema_version": 1,
          "attributes": {
            "autogenerate_revision_name": false,
            "id": "locations/us-central1/namespaces/noc-test-project/services/nexidia-step6-tagresults",
            "location": "us-central1",
            "metadata": [
              {
                "annotations": {
                  "run.googleapis.com/ingress": "internal",
                  "run.googleapis.com/ingress-status": "internal",
                  "run.googleapis.com/operation-id": "5b680f89-1a54-4c2e-baad-dd7bce19e65d",
                  "serving.knative.dev/creator": "test-gke@noc-test-project.iam.gserviceaccount.com",
                  "serving.knative.dev/lastModifier": "test-gke@noc-test-project.iam.gserviceaccount.com"
                },
                "generation": 1,
                "labels": {
                  "cloud.googleapis.com/location": "us-central1"
                },
                "namespace": "noc-test-project",
                "resource_version": "AAX1mguNPuE",
                "self_link": "/apis/serving.knative.dev/v1/namespaces/80699107083/services/nexidia-step6-tagresults",
                "uid": "2158f7f3-0ea1-4dbd-9900-0afa4607dee0"
              }
            ],
            "name": "nexidia-step6-tagresults",
            "project": "noc-test-project",
            "status": [
              {
                "conditions": [
                  {
                    "message": "",
                    "reason": "",
                    "status": "True",
                    "type": "Ready"
                  },
                  {
                    "message": "",
                    "reason": "",
                    "status": "True",
                    "type": "ConfigurationsReady"
                  },
                  {
                    "message": "",
                    "reason": "",
                    "status": "True",
                    "type": "RoutesReady"
                  }
                ],
                "latest_created_revision_name": "nexidia-step6-tagresults-6mc7g",
                "latest_ready_revision_name": "nexidia-step6-tagresults-6mc7g",
                "observed_generation": 1,
                "url": "https://nexidia-step6-tagresults-4p75nwhr4a-uc.a.run.app"
              }
            ],
            "template": [
              {
                "metadata": [
                  {
                    "annotations": {
                      "autoscaling.knative.dev/maxScale": "100"
                    },
                    "generation": 0,
                    "labels": {},
                    "name": "",
                    "namespace": "",
                    "resource_version": "",
                    "self_link": "",
                    "uid": ""
                  }
                ],
                "spec": [
                  {
                    "container_concurrency": 80,
                    "containers": [
                      {
                        "args": null,
                        "command": null,
                        "env": [],
                        "env_from": [],
                        "image": "us-docker.pkg.dev/cloudrun/container/hello",
                        "ports": [
                          {
                            "container_port": 8080,
                            "name": "http1",
                            "protocol": ""
                          }
                        ],
                        "resources": [
                          {
                            "limits": {
                              "cpu": "1000m",
                              "memory": "512Mi"
                            },
                            "requests": null
                          }
                        ],
                        "volume_mounts": [],
                        "working_dir": ""
                      }
                    ],
                    "service_account_name": "test-gke@noc-test-project.iam.gserviceaccount.com",
                    "serving_state": "",
                    "timeout_seconds": 600,
                    "volumes": []
                  }
                ]
              }
            ],
            "timeouts": null,
            "traffic": [
              {
                "latest_revision": true,
                "percent": 100,
                "revision_name": "",
                "tag": "",
                "url": ""
              }
            ]
          },
          "sensitive_attributes": [],
          "private": "eyJlMmJmYjczMC1lY2FhLTExZTYtOGY4OC0zNDM2M2JjN2M0YzAiOnsiY3JlYXRlIjoxMjAwMDAwMDAwMDAwLCJkZWxldGUiOjEyMDAwMDAwMDAwMDAsInVwZGF0ZSI6MTIwMDAwMDAwMDAwMH0sInNjaGVtYV92ZXJzaW9uIjoiMSJ9"
        }
      ]
    }
  ]
}
